
Microsoft Visual Studio Solution File, Format Version 12.00
# Visual Studio Version 17
VisualStudioVersion = 17.9.34723.18
MinimumVisualStudioVersion = 10.0.40219.1
Project("{FAE04EC0-301F-11D3-BF4B-00C04F79EFBC}") = "CustomerService", "CustomerService\CustomerService.csproj", "{E5590AFF-1B2C-4DE7-B5DA-DCA0F7E9A7F0}"
EndProject
Global
	GlobalSection(SolutionConfigurationPlatforms) = preSolution
		Debug|Any CPU = Debug|Any CPU
		Release|Any CPU = Release|Any CPU
	EndGlobalSection
	GlobalSection(ProjectConfigurationPlatforms) = postSolution
		{E5590AFF-1B2C-4DE7-B5DA-DCA0F7E9A7F0}.Debug|Any CPU.ActiveCfg = Debug|Any CPU
		{E5590AFF-1B2C-4DE7-B5DA-DCA0F7E9A7F0}.Debug|Any CPU.Build.0 = Debug|Any CPU
		{E5590AFF-1B2C-4DE7-B5DA-DCA0F7E9A7F0}.Release|Any CPU.ActiveCfg = Release|Any CPU
		{E5590AFF-1B2C-4DE7-B5DA-DCA0F7E9A7F0}.Release|Any CPU.Build.0 = Release|Any CPU
	EndGlobalSection
	GlobalSection(SolutionProperties) = preSolution
		HideSolutionNode = FALSE
	EndGlobalSection
	GlobalSection(ExtensibilityGlobals) = postSolution
		SolutionGuid = {7D2BB4FF-AF0F-410C-B631-F2F986A0E830}
	EndGlobalSection
EndGlobal
